
Microsoft Visual Studio Solution File, Format Version 12.00
# Visual Studio Version 16
VisualStudioVersion = 16.0.31424.327
MinimumVisualStudioVersion = 10.0.40219.1
Project("{9A19103F-16F7-4668-BE54-9A1E7A4F7556}") = "Infrastructure.Persistence.Database.Common", "Infrastructure.Persistence.Database.Common\Infrastructure.Persistence.Database.Common.csproj", "{01917117-F140-4B66-8580-E20C16B527A6}"
EndProject
Project("{9A19103F-16F7-4668-BE54-9A1E7A4F7556}") = "Infrastructure.Persistence.Database.Sql.Access.SqlServer", "Infrastructure.Persistence.Database.Sql.Access.SqlServer\Infrastructure.Persistence.Database.Sql.Access.SqlServer.csproj", "{8C80C036-BB97-47A0-91D0-738D3CC66812}"
EndProject
Project("{9A19103F-16F7-4668-BE54-9A1E7A4F7556}") = "Infrastructure.Server", "Infrastructure.Server\Infrastructure.Server.csproj", "{C1B17FE2-BDEE-41F0-94B3-7D779FB4CAA5}"
EndProject
Project("{9A19103F-16F7-4668-BE54-9A1E7A4F7556}") = "Infrastructure.Authentication", "Infrastructure.Authentication\Infrastructure.Authentication.csproj", "{9F0E9F56-1856-4793-B246-6D2682C3C1A3}"
EndProject
Project("{FAE04EC0-301F-11D3-BF4B-00C04F79EFBC}") = "Infrastructure.Persistence.DAO.Database.Sql.Common", "Infrastructure.Persistence.DAO.Database.Sql.Common\Infrastructure.Persistence.DAO.Database.Sql.Common.csproj", "{F344D959-EC6C-44F3-97BD-635DEE745830}"
EndProject
Project("{FAE04EC0-301F-11D3-BF4B-00C04F79EFBC}") = "ConsoleTests", "ConsoleTests\ConsoleTests.csproj", "{755C500E-565C-465E-A513-44082E39BEE1}"
EndProject
Global
	GlobalSection(SolutionConfigurationPlatforms) = preSolution
		Debug|Any CPU = Debug|Any CPU
		Release|Any CPU = Release|Any CPU
	EndGlobalSection
	GlobalSection(ProjectConfigurationPlatforms) = postSolution
		{01917117-F140-4B66-8580-E20C16B527A6}.Debug|Any CPU.ActiveCfg = Debug|Any CPU
		{01917117-F140-4B66-8580-E20C16B527A6}.Debug|Any CPU.Build.0 = Debug|Any CPU
		{01917117-F140-4B66-8580-E20C16B527A6}.Release|Any CPU.ActiveCfg = Release|Any CPU
		{01917117-F140-4B66-8580-E20C16B527A6}.Release|Any CPU.Build.0 = Release|Any CPU
		{8C80C036-BB97-47A0-91D0-738D3CC66812}.Debug|Any CPU.ActiveCfg = Debug|Any CPU
		{8C80C036-BB97-47A0-91D0-738D3CC66812}.Debug|Any CPU.Build.0 = Debug|Any CPU
		{8C80C036-BB97-47A0-91D0-738D3CC66812}.Release|Any CPU.ActiveCfg = Release|Any CPU
		{8C80C036-BB97-47A0-91D0-738D3CC66812}.Release|Any CPU.Build.0 = Release|Any CPU
		{C1B17FE2-BDEE-41F0-94B3-7D779FB4CAA5}.Debug|Any CPU.ActiveCfg = Debug|Any CPU
		{C1B17FE2-BDEE-41F0-94B3-7D779FB4CAA5}.Debug|Any CPU.Build.0 = Debug|Any CPU
		{C1B17FE2-BDEE-41F0-94B3-7D779FB4CAA5}.Release|Any CPU.ActiveCfg = Release|Any CPU
		{C1B17FE2-BDEE-41F0-94B3-7D779FB4CAA5}.Release|Any CPU.Build.0 = Release|Any CPU
		{9F0E9F56-1856-4793-B246-6D2682C3C1A3}.Debug|Any CPU.ActiveCfg = Debug|Any CPU
		{9F0E9F56-1856-4793-B246-6D2682C3C1A3}.Debug|Any CPU.Build.0 = Debug|Any CPU
		{9F0E9F56-1856-4793-B246-6D2682C3C1A3}.Release|Any CPU.ActiveCfg = Release|Any CPU
		{9F0E9F56-1856-4793-B246-6D2682C3C1A3}.Release|Any CPU.Build.0 = Release|Any CPU
		{F344D959-EC6C-44F3-97BD-635DEE745830}.Debug|Any CPU.ActiveCfg = Debug|Any CPU
		{F344D959-EC6C-44F3-97BD-635DEE745830}.Debug|Any CPU.Build.0 = Debug|Any CPU
		{F344D959-EC6C-44F3-97BD-635DEE745830}.Release|Any CPU.ActiveCfg = Release|Any CPU
		{F344D959-EC6C-44F3-97BD-635DEE745830}.Release|Any CPU.Build.0 = Release|Any CPU
		{755C500E-565C-465E-A513-44082E39BEE1}.Debug|Any CPU.ActiveCfg = Debug|Any CPU
		{755C500E-565C-465E-A513-44082E39BEE1}.Debug|Any CPU.Build.0 = Debug|Any CPU
		{755C500E-565C-465E-A513-44082E39BEE1}.Release|Any CPU.ActiveCfg = Release|Any CPU
		{755C500E-565C-465E-A513-44082E39BEE1}.Release|Any CPU.Build.0 = Release|Any CPU
	EndGlobalSection
	GlobalSection(SolutionProperties) = preSolution
		HideSolutionNode = FALSE
	EndGlobalSection
	GlobalSection(ExtensibilityGlobals) = postSolution
		SolutionGuid = {D8330B59-E0F9-4F67-9D4B-B82FE17C6C78}
	EndGlobalSection
EndGlobal
